hash: 821ab6c23d130cbd8aec609d39c9f0872ed545bee5b71ba1e867a21c9697ca54
updated: 2017-06-22T23:29:37.339782402+10:00
imports:
- name: github.com/allegro/bigcache
  version: b6bd76ad0f792508efc589a2790e2aee1d0f240d
- name: github.com/golang/protobuf
  version: 5a0f697c9ed9d68fef0116532c6e05cfeae00e55
  subpackages:
  - proto
- name: github.com/golang/snappy
  version: 553a641470496b2327abcac10b36396bd98e45c9
- name: github.com/kshvakov/clickhouse
  version: 1250f4e0c94a7f0083e6a4e483bf3344787de0dc
- name: github.com/prometheus/client_golang
  version: c5b7fccd204277076155f10851dad72b76a49317
  subpackages:
  - prometheus
- name: github.com/prometheus/common
  version: 13ba4ddd0caa9c28ca7b7bffe1dfa9ed8d5ef207
  subpackages:
  - log
  - model
- name: github.com/prometheus/prometheus
  version: bfa37c8ee39d11078662dce16c162a61dccf616c
  subpackages:
  - storage/remote
- name: github.com/spf13/afero
  version: 9be650865eab0c12963d8753212f4f9c66cdcf12
- name: github.com/spf13/cobra
  version: 31694f19adeeaeb0a0e5fe95441b390d757753d2
- name: github.com/spf13/viper
  version: a1ecfa6a20bd4ef9e9caded262ee1b1b26847675
- name: gopkg.in/tylerb/graceful.v1
  version: 4654dfbb6ad53cb5e27f37d99b02e16c1872fbbb
testImports: []
